
Microsoft Visual Studio Solution File, Format Version 12.00
# Visual Studio 15
VisualStudioVersion = 15.0.27703.2026
MinimumVisualStudioVersion = 10.0.40219.1
Project("{FAE04EC0-301F-11D3-BF4B-00C04F79EFBC}") = "form_calculos_1", "form_calculos_1\form_calculos_1.csproj", "{B353FA4C-513C-4E38-9FD5-3049CE7B644D}"
EndProject
Global
	GlobalSection(SolutionConfigurationPlatforms) = preSolution
		Debug|Any CPU = Debug|Any CPU
		Release|Any CPU = Release|Any CPU
	EndGlobalSection
	GlobalSection(ProjectConfigurationPlatforms) = postSolution
		{B353FA4C-513C-4E38-9FD5-3049CE7B644D}.Debug|Any CPU.ActiveCfg = Debug|Any CPU
		{B353FA4C-513C-4E38-9FD5-3049CE7B644D}.Debug|Any CPU.Build.0 = Debug|Any CPU
		{B353FA4C-513C-4E38-9FD5-3049CE7B644D}.Release|Any CPU.ActiveCfg = Release|Any CPU
		{B353FA4C-513C-4E38-9FD5-3049CE7B644D}.Release|Any CPU.Build.0 = Release|Any CPU
	EndGlobalSection
	GlobalSection(SolutionProperties) = preSolution
		HideSolutionNode = FALSE
	EndGlobalSection
	GlobalSection(ExtensibilityGlobals) = postSolution
		SolutionGuid = {2581722D-EFCF-45F5-AD83-E0124D3A08C0}
	EndGlobalSection
EndGlobal
