
Microsoft Visual Studio Solution File, Format Version 12.00
# Visual Studio 15
VisualStudioVersion = 15.0.27703.2026
MinimumVisualStudioVersion = 10.0.40219.1
Project("{FAE04EC0-301F-11D3-BF4B-00C04F79EFBC}") = "form_primeiro_projeto", "form_primeiro_projeto\form_primeiro_projeto.csproj", "{B07FF566-FBB2-4C65-B8E9-D26A18665F8A}"
EndProject
Global
	GlobalSection(SolutionConfigurationPlatforms) = preSolution
		Debug|Any CPU = Debug|Any CPU
		Release|Any CPU = Release|Any CPU
	EndGlobalSection
	GlobalSection(ProjectConfigurationPlatforms) = postSolution
		{B07FF566-FBB2-4C65-B8E9-D26A18665F8A}.Debug|Any CPU.ActiveCfg = Debug|Any CPU
		{B07FF566-FBB2-4C65-B8E9-D26A18665F8A}.Debug|Any CPU.Build.0 = Debug|Any CPU
		{B07FF566-FBB2-4C65-B8E9-D26A18665F8A}.Release|Any CPU.ActiveCfg = Release|Any CPU
		{B07FF566-FBB2-4C65-B8E9-D26A18665F8A}.Release|Any CPU.Build.0 = Release|Any CPU
	EndGlobalSection
	GlobalSection(SolutionProperties) = preSolution
		HideSolutionNode = FALSE
	EndGlobalSection
	GlobalSection(ExtensibilityGlobals) = postSolution
		SolutionGuid = {19A53153-5448-486C-9C26-0C3995110D00}
	EndGlobalSection
EndGlobal
