
Microsoft Visual Studio Solution File, Format Version 12.00
# Visual Studio 15
VisualStudioVersion = 15.0.27703.2026
MinimumVisualStudioVersion = 10.0.40219.1
Project("{FAE04EC0-301F-11D3-BF4B-00C04F79EFBC}") = "tabuada_usando_while", "tabuada_usando_while\tabuada_usando_while.csproj", "{66CA0AC2-D398-48AC-AB60-3F30A925937A}"
EndProject
Global
	GlobalSection(SolutionConfigurationPlatforms) = preSolution
		Debug|Any CPU = Debug|Any CPU
		Release|Any CPU = Release|Any CPU
	EndGlobalSection
	GlobalSection(ProjectConfigurationPlatforms) = postSolution
		{66CA0AC2-D398-48AC-AB60-3F30A925937A}.Debug|Any CPU.ActiveCfg = Debug|Any CPU
		{66CA0AC2-D398-48AC-AB60-3F30A925937A}.Debug|Any CPU.Build.0 = Debug|Any CPU
		{66CA0AC2-D398-48AC-AB60-3F30A925937A}.Release|Any CPU.ActiveCfg = Release|Any CPU
		{66CA0AC2-D398-48AC-AB60-3F30A925937A}.Release|Any CPU.Build.0 = Release|Any CPU
	EndGlobalSection
	GlobalSection(SolutionProperties) = preSolution
		HideSolutionNode = FALSE
	EndGlobalSection
	GlobalSection(ExtensibilityGlobals) = postSolution
		SolutionGuid = {717415D0-D79F-4427-B0A0-880C7FDE6B66}
	EndGlobalSection
EndGlobal
