
Microsoft Visual Studio Solution File, Format Version 12.00
# Visual Studio Version 16
VisualStudioVersion = 16.0.30320.27
MinimumVisualStudioVersion = 10.0.40219.1
Project("{FAE04EC0-301F-11D3-BF4B-00C04F79EFBC}") = "Exerc_Herance_Polymorphism", "Exerc_Herance_Polymorphism\Exerc_Herance_Polymorphism.csproj", "{4EE132AA-C184-42CB-8F32-AB6C49082741}"
EndProject
Global
	GlobalSection(SolutionConfigurationPlatforms) = preSolution
		Debug|Any CPU = Debug|Any CPU
		Release|Any CPU = Release|Any CPU
	EndGlobalSection
	GlobalSection(ProjectConfigurationPlatforms) = postSolution
		{4EE132AA-C184-42CB-8F32-AB6C49082741}.Debug|Any CPU.ActiveCfg = Debug|Any CPU
		{4EE132AA-C184-42CB-8F32-AB6C49082741}.Debug|Any CPU.Build.0 = Debug|Any CPU
		{4EE132AA-C184-42CB-8F32-AB6C49082741}.Release|Any CPU.ActiveCfg = Release|Any CPU
		{4EE132AA-C184-42CB-8F32-AB6C49082741}.Release|Any CPU.Build.0 = Release|Any CPU
	EndGlobalSection
	GlobalSection(SolutionProperties) = preSolution
		HideSolutionNode = FALSE
	EndGlobalSection
	GlobalSection(ExtensibilityGlobals) = postSolution
		SolutionGuid = {D39C377B-D96B-41F5-9B7E-EC7DCA4E7165}
	EndGlobalSection
EndGlobal
