
Microsoft Visual Studio Solution File, Format Version 12.00
# Visual Studio Version 16
VisualStudioVersion = 16.0.30320.27
MinimumVisualStudioVersion = 10.0.40219.1
Project("{FAE04EC0-301F-11D3-BF4B-00C04F79EFBC}") = "Exerc_Matriz", "Exerc_Matriz\Exerc_Matriz.csproj", "{79038F51-CBA6-4746-A9AD-D94F5337EEF4}"
EndProject
Global
	GlobalSection(SolutionConfigurationPlatforms) = preSolution
		Debug|Any CPU = Debug|Any CPU
		Release|Any CPU = Release|Any CPU
	EndGlobalSection
	GlobalSection(ProjectConfigurationPlatforms) = postSolution
		{79038F51-CBA6-4746-A9AD-D94F5337EEF4}.Debug|Any CPU.ActiveCfg = Debug|Any CPU
		{79038F51-CBA6-4746-A9AD-D94F5337EEF4}.Debug|Any CPU.Build.0 = Debug|Any CPU
		{79038F51-CBA6-4746-A9AD-D94F5337EEF4}.Release|Any CPU.ActiveCfg = Release|Any CPU
		{79038F51-CBA6-4746-A9AD-D94F5337EEF4}.Release|Any CPU.Build.0 = Release|Any CPU
	EndGlobalSection
	GlobalSection(SolutionProperties) = preSolution
		HideSolutionNode = FALSE
	EndGlobalSection
	GlobalSection(ExtensibilityGlobals) = postSolution
		SolutionGuid = {4C541B3C-0479-4D7D-B511-AD52609CFE1E}
	EndGlobalSection
EndGlobal
